
Microsoft Visual Studio Solution File, Format Version 12.00
# Visual Studio 15
VisualStudioVersion = 15.0.28307.1231
MinimumVisualStudioVersion = 10.0.40219.1
Project("{FAE04EC0-301F-11D3-BF4B-00C04F79EFBC}") = "RestaurantAPI", "RestaurantAPI\RestaurantAPI.csproj", "{C3A772A8-F8C4-4B02-93AF-6296C6C2BE11}"
EndProject
Global
	GlobalSection(SolutionConfigurationPlatforms) = preSolution
		Debug|Any CPU = Debug|Any CPU
		Release|Any CPU = Release|Any CPU
	EndGlobalSection
	GlobalSection(ProjectConfigurationPlatforms) = postSolution
		{C3A772A8-F8C4-4B02-93AF-6296C6C2BE11}.Debug|Any CPU.ActiveCfg = Debug|Any CPU
		{C3A772A8-F8C4-4B02-93AF-6296C6C2BE11}.Debug|Any CPU.Build.0 = Debug|Any CPU
		{C3A772A8-F8C4-4B02-93AF-6296C6C2BE11}.Release|Any CPU.ActiveCfg = Release|Any CPU
		{C3A772A8-F8C4-4B02-93AF-6296C6C2BE11}.Release|Any CPU.Build.0 = Release|Any CPU
	EndGlobalSection
	GlobalSection(SolutionProperties) = preSolution
		HideSolutionNode = FALSE
	EndGlobalSection
	GlobalSection(ExtensibilityGlobals) = postSolution
		SolutionGuid = {8B9697FD-C379-4E0B-8DA3-3FB2F2F6BE12}
	EndGlobalSection
EndGlobal
